
Microsoft Visual Studio Solution File, Format Version 12.00
# Visual Studio Version 17
VisualStudioVersion = 17.13.35731.43
MinimumVisualStudioVersion = 10.0.40219.1
Project("{FAE04EC0-301F-11D3-BF4B-00C04F79EFBC}") = "SampleGoogleLogin", "SampleGoogleLogin.csproj", "{5D8E0A70-FC49-4960-A6B2-2203C193E7BE}"
EndProject
Project("{FAE04EC0-301F-11D3-BF4B-00C04F79EFBC}") = "SampleRate", "..\SampleRate\SampleRate.csproj", "{27699490-7C72-438A-BACD-FAA5C1B312C6}"
EndProject
Project("{FAE04EC0-301F-11D3-BF4B-00C04F79EFBC}") = "SampleApiLogin", "..\SampleApiLogin\SampleApiLogin.csproj", "{02F32672-F37E-43D4-BFC6-CE4694D937E8}"
EndProject
Global
	GlobalSection(SolutionConfigurationPlatforms) = preSolution
		Debug|Any CPU = Debug|Any CPU
		Release|Any CPU = Release|Any CPU
	EndGlobalSection
	GlobalSection(ProjectConfigurationPlatforms) = postSolution
		{5D8E0A70-FC49-4960-A6B2-2203C193E7BE}.Debug|Any CPU.ActiveCfg = Debug|Any CPU
		{5D8E0A70-FC49-4960-A6B2-2203C193E7BE}.Debug|Any CPU.Build.0 = Debug|Any CPU
		{5D8E0A70-FC49-4960-A6B2-2203C193E7BE}.Release|Any CPU.ActiveCfg = Release|Any CPU
		{5D8E0A70-FC49-4960-A6B2-2203C193E7BE}.Release|Any CPU.Build.0 = Release|Any CPU
		{27699490-7C72-438A-BACD-FAA5C1B312C6}.Debug|Any CPU.ActiveCfg = Debug|Any CPU
		{27699490-7C72-438A-BACD-FAA5C1B312C6}.Debug|Any CPU.Build.0 = Debug|Any CPU
		{27699490-7C72-438A-BACD-FAA5C1B312C6}.Release|Any CPU.ActiveCfg = Release|Any CPU
		{27699490-7C72-438A-BACD-FAA5C1B312C6}.Release|Any CPU.Build.0 = Release|Any CPU
		{02F32672-F37E-43D4-BFC6-CE4694D937E8}.Debug|Any CPU.ActiveCfg = Debug|Any CPU
		{02F32672-F37E-43D4-BFC6-CE4694D937E8}.Debug|Any CPU.Build.0 = Debug|Any CPU
		{02F32672-F37E-43D4-BFC6-CE4694D937E8}.Release|Any CPU.ActiveCfg = Release|Any CPU
		{02F32672-F37E-43D4-BFC6-CE4694D937E8}.Release|Any CPU.Build.0 = Release|Any CPU
	EndGlobalSection
	GlobalSection(SolutionProperties) = preSolution
		HideSolutionNode = FALSE
	EndGlobalSection
	GlobalSection(ExtensibilityGlobals) = postSolution
		SolutionGuid = {7B376FBB-2843-4656-917D-AD338108EB60}
	EndGlobalSection
EndGlobal
